version = 1
requires-python = ">=3.12"

[[package]]
name = "asgiref"
version = "3.8.1"
source = { registry = "https://pypi.org/simple" }
sdist = { url = "https://files.pythonhosted.org/packages/29/38/b3395cc9ad1b56d2ddac9970bc8f4141312dbaec28bc7c218b0dfafd0f42/asgiref-3.8.1.tar.gz", hash = "sha256:c343bd80a0bec947a9860adb4c432ffa7db769836c64238fc34bdc3fec84d590", size = 35186 }
wheels = [
    { url = "https://files.pythonhosted.org/packages/39/e3/893e8757be2612e6c266d9bb58ad2e3651524b5b40cf56761e985a28b13e/asgiref-3.8.1-py3-none-any.whl", hash = "sha256:3e1e3ecc849832fe52ccf2cb6686b7a55f82bb1d6aee72a58826471390335e47", size = 23828 },
]

[[package]]
name = "cfgv"
version = "3.4.0"
source = { registry = "https://pypi.org/simple" }
sdist = { url = "https://files.pythonhosted.org/packages/11/74/539e56497d9bd1d484fd863dd69cbbfa653cd2aa27abfe35653494d85e94/cfgv-3.4.0.tar.gz", hash = "sha256:e52591d4c5f5dead8e0f673fb16db7949d2cfb3f7da4582893288f0ded8fe560", size = 7114 }
wheels = [
    { url = "https://files.pythonhosted.org/packages/c5/55/51844dd50c4fc7a33b653bfaba4c2456f06955289ca770a5dbd5fd267374/cfgv-3.4.0-py2.py3-none-any.whl", hash = "sha256:b7265b1f29fd3316bfcd2b330d63d024f2bfd8bcb8b0272f8e19a504856c48f9", size = 7249 },
]

[[package]]
name = "click"
version = "8.1.7"
source = { registry = "https://pypi.org/simple" }
dependencies = [
    { name = "colorama", marker = "platform_system == 'Windows'" },
]
sdist = { url = "https://files.pythonhosted.org/packages/96/d3/f04c7bfcf5c1862a2a5b845c6b2b360488cf47af55dfa79c98f6a6bf98b5/click-8.1.7.tar.gz", hash = "sha256:ca9853ad459e787e2192211578cc907e7594e294c7ccc834310722b41b9ca6de", size = 336121 }
wheels = [
    { url = "https://files.pythonhosted.org/packages/00/2e/d53fa4befbf2cfa713304affc7ca780ce4fc1fd8710527771b58311a3229/click-8.1.7-py3-none-any.whl", hash = "sha256:ae74fb96c20a0277a1d615f1e4d73c8414f5a98db8b799a7931d1582f3390c28", size = 97941 },
]

[[package]]
name = "colorama"
version = "0.4.6"
source = { registry = "https://pypi.org/simple" }
sdist = { url = "https://files.pythonhosted.org/packages/d8/53/6f443c9a4a8358a93a6792e2acffb9d9d5cb0a5cfd8802644b7b1c9a02e4/colorama-0.4.6.tar.gz", hash = "sha256:08695f5cb7ed6e0531a20572697297273c47b8cae5a63ffc6d6ed5c201be6e44", size = 27697 }
wheels = [
    { url = "https://files.pythonhosted.org/packages/d1/d6/3965ed04c63042e047cb6a3e6ed1a63a35087b6a609aa3a15ed8ac56c221/colorama-0.4.6-py2.py3-none-any.whl", hash = "sha256:4f1d9991f5acc0ca119f9d443620b77f9d6b33703e51011c16baf57afb285fc6", size = 25335 },
]

[[package]]
name = "coverage"
version = "7.6.3"
source = { registry = "https://pypi.org/simple" }
sdist = { url = "https://files.pythonhosted.org/packages/12/50/51ec496dd2ad84ca3e5f67de23f6de630be923dd6f5aed31bb60eda540e5/coverage-7.6.3.tar.gz", hash = "sha256:bb7d5fe92bd0dc235f63ebe9f8c6e0884f7360f88f3411bfed1350c872ef2054", size = 798337 }
wheels = [
    { url = "https://files.pythonhosted.org/packages/11/3d/b88ca9d63404ed1d2942236757d876c5fb30ab300fc6e68d6e1e8928dc34/coverage-7.6.3-cp312-cp312-macosx_10_13_x86_64.whl", hash = "sha256:27bd5f18d8f2879e45724b0ce74f61811639a846ff0e5c0395b7818fae87aec6", size = 206890 },
    { url = "https://files.pythonhosted.org/packages/90/d1/11307a6f28dc496ff8ee17258e20ecca1c48b537113146a114aa4e29d4e7/coverage-7.6.3-cp312-cp312-macosx_11_0_arm64.whl", hash = "sha256:d546cfa78844b8b9c1c0533de1851569a13f87449897bbc95d698d1d3cb2a30f", size = 207132 },
    { url = "https://files.pythonhosted.org/packages/61/5d/be9f27811e767b8bd8b5836c5f05708263cc1f2c24d8244f36a5f7baee75/coverage-7.6.3-cp312-cp312-manylinux_2_17_aarch64.manylinux2014_aarch64.whl", hash = "sha256:9975442f2e7a5cfcf87299c26b5a45266ab0696348420049b9b94b2ad3d40234", size = 240146 },
    { url = "https://files.pythonhosted.org/packages/37/0f/0b61bfa7aada98936cc433c8bd2e9f90c3fdc02607bdade04ffa1b8f83ba/coverage-7.6.3-cp312-cp312-manylinux_2_5_i686.manylinux1_i686.manylinux_2_17_i686.manylinux2014_i686.whl", hash = "sha256:583049c63106c0555e3ae3931edab5669668bbef84c15861421b94e121878d3f", size = 237177 },
    { url = "https://files.pythonhosted.org/packages/d3/d4/83dfe1cdabf7f574217ce431c8506c80c6afa5c4056b1159282ba54bb6f2/coverage-7.6.3-cp312-cp312-manylinux_2_5_x86_64.manylinux1_x86_64.manylinux_2_17_x86_64.manylinux2014_x86_64.whl", hash = "sha256:2341a78ae3a5ed454d524206a3fcb3cec408c2a0c7c2752cd78b606a2ff15af4", size = 239248 },
    { url = "https://files.pythonhosted.org/packages/05/0a/f53ab3bf80bcf6a17bece8851d4687cf7e424505cf4ce7a3c4cb41b52d96/coverage-7.6.3-cp312-cp312-musllinux_1_2_aarch64.whl", hash = "sha256:a4fb91d5f72b7e06a14ff4ae5be625a81cd7e5f869d7a54578fc271d08d58ae3", size = 238737 },
    { url = "https://files.pythonhosted.org/packages/f7/81/74d797dbedf62b3d7f66af3277b7fc6be6430ed45df701e1ae1197ceb70d/coverage-7.6.3-cp312-cp312-musllinux_1_2_i686.whl", hash = "sha256:e279f3db904e3b55f520f11f983cc8dc8a4ce9b65f11692d4718ed021ec58b83", size = 237039 },
    { url = "https://files.pythonhosted.org/packages/ae/71/1750be153f73eb0e8b9a0f08c8cdb90f6a7c2a25b1795d35e313dd2d78f5/coverage-7.6.3-cp312-cp312-musllinux_1_2_x86_64.whl", hash = "sha256:aa23ce39661a3e90eea5f99ec59b763b7d655c2cada10729ed920a38bfc2b167", size = 238703 },
    { url = "https://files.pythonhosted.org/packages/f6/2e/a60711bb0adcc849c61d9db9574f5d10419cfc73c43cee26a7de6c92f2e4/coverage-7.6.3-cp312-cp312-win32.whl", hash = "sha256:52ac29cc72ee7e25ace7807249638f94c9b6a862c56b1df015d2b2e388e51dbd", size = 209521 },
    { url = "https://files.pythonhosted.org/packages/d9/26/67a744fcc5de4433a1ebae2b227c66f744fb0d17ad4725b47cf24f7a4c2f/coverage-7.6.3-cp312-cp312-win_amd64.whl", hash = "sha256:40e8b1983080439d4802d80b951f4a93d991ef3261f69e81095a66f86cf3c3c6", size = 210304 },
    { url = "https://files.pythonhosted.org/packages/8c/8f/265a5f18ab2cb1cae3cf6d64e8fd2708ac66a57b7068963077456ec85294/coverage-7.6.3-cp313-cp313-macosx_10_13_x86_64.whl", hash = "sha256:9134032f5aa445ae591c2ba6991d10136a1f533b1d2fa8f8c21126468c5025c6", size = 206919 },
    { url = "https://files.pythonhosted.org/packages/d0/d8/59b41c21237da09c2c09cfd594883f43e3f437d9d602afe09a23d8c3b768/coverage-7.6.3-cp313-cp313-macosx_11_0_arm64.whl", hash = "sha256:99670790f21a96665a35849990b1df447993880bb6463a0a1d757897f30da929", size = 207175 },
    { url = "https://files.pythonhosted.org/packages/19/e8/9a18a78779e5c9d51c8c60de4e9e06c91a03f529fa5b31993b85f364a114/coverage-7.6.3-cp313-cp313-manylinux_2_17_aarch64.manylinux2014_aarch64.whl", hash = "sha256:2dc7d6b380ca76f5e817ac9eef0c3686e7834c8346bef30b041a4ad286449990", size = 239695 },
    { url = "https://files.pythonhosted.org/packages/23/d5/6100bb2b104365634068aad82ec332663a32c7572f4bbe24825e79ecb712/coverage-7.6.3-cp313-cp313-manylinux_2_5_i686.manylinux1_i686.manylinux_2_17_i686.manylinux2014_i686.whl", hash = "sha256:f7b26757b22faf88fcf232f5f0e62f6e0fd9e22a8a5d0d5016888cdfe1f6c1c4", size = 236840 },
    { url = "https://files.pythonhosted.org/packages/d8/11/7e5ac48885f4fed8edb4624425b60405c96c5cf92c2260305eeb6d179897/coverage-7.6.3-cp313-cp313-manylinux_2_5_x86_64.manylinux1_x86_64.manylinux_2_17_x86_64.manylinux2014_x86_64.whl", hash = "sha256:4c59d6a4a4633fad297f943c03d0d2569867bd5372eb5684befdff8df8522e39", size = 238829 },
    { url = "https://files.pythonhosted.org/packages/31/6c/4943c562bc8f541dbc466181c615743fe7987433b9ac00301b4f2c8bce60/coverage-7.6.3-cp313-cp313-musllinux_1_2_aarch64.whl", hash = "sha256:f263b18692f8ed52c8de7f40a0751e79015983dbd77b16906e5b310a39d3ca21", size = 238495 },
    { url = "https://files.pythonhosted.org/packages/b2/21/ff415e195eafc86ad6e3e6bdb04e6ebd2caa432d27ec261c0a6d849a171e/coverage-7.6.3-cp313-cp313-musllinux_1_2_i686.whl", hash = "sha256:79644f68a6ff23b251cae1c82b01a0b51bc40c8468ca9585c6c4b1aeee570e0b", size = 236578 },
    { url = "https://files.pythonhosted.org/packages/28/81/08c1c7d2ecc14036b6fb71433ce51fb0942b39ef2bbb654fda82e4e16004/coverage-7.6.3-cp313-cp313-musllinux_1_2_x86_64.whl", hash = "sha256:71967c35828c9ff94e8c7d405469a1fb68257f686bca7c1ed85ed34e7c2529c4", size = 238418 },
    { url = "https://files.pythonhosted.org/packages/c6/50/912a47a6fa3582c6694e0acdb4c5cf1264950a400a3a9d35a5552e7a91cd/coverage-7.6.3-cp313-cp313-win32.whl", hash = "sha256:e266af4da2c1a4cbc6135a570c64577fd3e6eb204607eaff99d8e9b710003c6f", size = 209584 },
    { url = "https://files.pythonhosted.org/packages/49/cb/44402ef105d8a77849fa019b975c9e35b184498ec7a6070c30deaad47fab/coverage-7.6.3-cp313-cp313-win_amd64.whl", hash = "sha256:ea52bd218d4ba260399a8ae4bb6b577d82adfc4518b93566ce1fddd4a49d1dce", size = 210316 },
    { url = "https://files.pythonhosted.org/packages/f6/c4/1e9b42abe9d381585d6f9384bbfbfce464234261e3e331ab98eeef3fc11a/coverage-7.6.3-cp313-cp313t-macosx_10_13_x86_64.whl", hash = "sha256:8d4c6ea0f498c7c79111033a290d060c517853a7bcb2f46516f591dab628ddd3", size = 207664 },
    { url = "https://files.pythonhosted.org/packages/29/74/62605f094604b85c98962fe29134e8f9df200106b5100a2db236f5c03993/coverage-7.6.3-cp313-cp313t-macosx_11_0_arm64.whl", hash = "sha256:331b200ad03dbaa44151d74daeb7da2cf382db424ab923574f6ecca7d3b30de3", size = 207936 },
    { url = "https://files.pythonhosted.org/packages/ff/8c/bbeadb2f3236fdd62c6c267096c2524af9a59ee0a124b6b237a943d274e8/coverage-7.6.3-cp313-cp313t-manylinux_2_17_aarch64.manylinux2014_aarch64.whl", hash = "sha256:54356a76b67cf8a3085818026bb556545ebb8353951923b88292556dfa9f812d", size = 250658 },
    { url = "https://files.pythonhosted.org/packages/3a/a0/46fe77ef9d133867bf639ee68ebbcae86aa340d9e46900fbdf566557c9bf/coverage-7.6.3-cp313-cp313t-manylinux_2_5_i686.manylinux1_i686.manylinux_2_17_i686.manylinux2014_i686.whl", hash = "sha256:ebec65f5068e7df2d49466aab9128510c4867e532e07cb6960075b27658dca38", size = 246370 },
    { url = "https://files.pythonhosted.org/packages/9c/ba/b5722bec74017eaa1c5d35377f40a2a434e6c864cf3f1b46cddb62657642/coverage-7.6.3-cp313-cp313t-manylinux_2_5_x86_64.manylinux1_x86_64.manylinux_2_17_x86_64.manylinux2014_x86_64.whl", hash = "sha256:d33a785ea8354c480515e781554d3be582a86297e41ccbea627a5c632647f2cd", size = 248732 },
    { url = "https://files.pythonhosted.org/packages/a1/d1/1264cc9ad5079439f438fd49080cbb57a8c6c589919872eaacdbc30d3b1a/coverage-7.6.3-cp313-cp313t-musllinux_1_2_aarch64.whl", hash = "sha256:f7ddb920106bbbbcaf2a274d56f46956bf56ecbde210d88061824a95bdd94e92", size = 248221 },
    { url = "https://files.pythonhosted.org/packages/9d/b5/eacd2cfcb3406725e98bc6b9f1ac6794188b8231148f71281ffdcf5968e0/coverage-7.6.3-cp313-cp313t-musllinux_1_2_i686.whl", hash = "sha256:70d24936ca6c15a3bbc91ee9c7fc661132c6f4c9d42a23b31b6686c05073bde5", size = 246109 },
    { url = "https://files.pythonhosted.org/packages/56/71/0f0a713bf452ae3e6dd126841a25a0bd3a75105f2666c32ad1fb28b791da/coverage-7.6.3-cp313-cp313t-musllinux_1_2_x86_64.whl", hash = "sha256:c30e42ea11badb147f0d2e387115b15e2bd8205a5ad70d6ad79cf37f6ac08c91", size = 247391 },
    { url = "https://files.pythonhosted.org/packages/ad/dd/29fb9c6b94a52da04613e5005d0a8875e57ca76b570d2625964fd92d7fab/coverage-7.6.3-cp313-cp313t-win32.whl", hash = "sha256:365defc257c687ce3e7d275f39738dcd230777424117a6c76043459db131dd43", size = 210230 },
    { url = "https://files.pythonhosted.org/packages/61/17/efb9ca2a5f9ccf8af267ff2c02ad976a2dc29f9b3c63209e2a89588d7f95/coverage-7.6.3-cp313-cp313t-win_amd64.whl", hash = "sha256:23bb63ae3f4c645d2d82fa22697364b0046fbafb6261b258a58587441c5f7bd0", size = 211380 },
]

[[package]]
name = "cssbeautifier"
version = "1.15.1"
source = { registry = "https://pypi.org/simple" }
dependencies = [
    { name = "editorconfig" },
    { name = "jsbeautifier" },
    { name = "six" },
]
sdist = { url = "https://files.pythonhosted.org/packages/e5/66/9bfd2d69fb4479d38439076132a620972939f7949015563dce5e61d29a8b/cssbeautifier-1.15.1.tar.gz", hash = "sha256:9f7064362aedd559c55eeecf6b6bed65e05f33488dcbe39044f0403c26e1c006", size = 25673 }

[[package]]
name = "distlib"
version = "0.3.9"
source = { registry = "https://pypi.org/simple" }
sdist = { url = "https://files.pythonhosted.org/packages/0d/dd/1bec4c5ddb504ca60fc29472f3d27e8d4da1257a854e1d96742f15c1d02d/distlib-0.3.9.tar.gz", hash = "sha256:a60f20dea646b8a33f3e7772f74dc0b2d0772d2837ee1342a00645c81edf9403", size = 613923 }
wheels = [
    { url = "https://files.pythonhosted.org/packages/91/a1/cf2472db20f7ce4a6be1253a81cfdf85ad9c7885ffbed7047fb72c24cf87/distlib-0.3.9-py2.py3-none-any.whl", hash = "sha256:47f8c22fd27c27e25a65601af709b38e4f0a45ea4fc2e710f65755fa8caaaf87", size = 468973 },
]

[[package]]
name = "django"
version = "5.1.2"
source = { registry = "https://pypi.org/simple" }
dependencies = [
    { name = "asgiref" },
    { name = "sqlparse" },
    { name = "tzdata", marker = "sys_platform == 'win32'" },
]
sdist = { url = "https://files.pythonhosted.org/packages/9c/e5/a06e20c963b280af4aa9432bc694fbdeb1c8df9e28c2ffd5fbb71c4b1bec/Django-5.1.2.tar.gz", hash = "sha256:bd7376f90c99f96b643722eee676498706c9fd7dc759f55ebfaf2c08ebcdf4f0", size = 10711674 }
wheels = [
    { url = "https://files.pythonhosted.org/packages/a3/b8/f205f2b8c44c6cdc555c4f56bbe85ceef7f67c0cf1caa8abe078bb7e32bd/Django-5.1.2-py3-none-any.whl", hash = "sha256:f11aa87ad8d5617171e3f77e1d5d16f004b79a2cf5d2e1d2b97a6a1f8e9ba5ed", size = 8276058 },
]

[[package]]
name = "djlint"
version = "1.35.2"
source = { registry = "https://pypi.org/simple" }
dependencies = [
    { name = "click" },
    { name = "colorama" },
    { name = "cssbeautifier" },
    { name = "html-tag-names" },
    { name = "html-void-elements" },
    { name = "jsbeautifier" },
    { name = "json5" },
    { name = "pathspec" },
    { name = "pyyaml" },
    { name = "regex" },
    { name = "tqdm" },
]
sdist = { url = "https://files.pythonhosted.org/packages/a4/ee/ac8ee551ec04d5a214e62d008f40bf309574f103416482e03fb61fbad61c/djlint-1.35.2.tar.gz", hash = "sha256:318de9d4b9b0061a111f8f5164ecbacd8215f449dd4bd5a76d2a691c815ee103", size = 44684 }
wheels = [
    { url = "https://files.pythonhosted.org/packages/e0/31/297cad1a493f2910d366418acd0f33da908dfb8b16b8d6c6bafddac4fa7d/djlint-1.35.2-py3-none-any.whl", hash = "sha256:4ba995bad378f2afa77c8ea56ba1c14429d9ff26a18e8ae23bc71eedb9152243", size = 50641 },
]

[[package]]
name = "editorconfig"
version = "0.12.4"
source = { registry = "https://pypi.org/simple" }
sdist = { url = "https://files.pythonhosted.org/packages/3d/85/7b5c2fac7fdc37d959fab714b13b9acb75884490dcc0e8b1dc5e64105084/EditorConfig-0.12.4.tar.gz", hash = "sha256:24857fa1793917dd9ccf0c7810a07e05404ce9b823521c7dce22a4fb5d125f80", size = 13278 }

[[package]]
name = "filelock"
version = "3.16.1"
source = { registry = "https://pypi.org/simple" }
sdist = { url = "https://files.pythonhosted.org/packages/9d/db/3ef5bb276dae18d6ec2124224403d1d67bccdbefc17af4cc8f553e341ab1/filelock-3.16.1.tar.gz", hash = "sha256:c249fbfcd5db47e5e2d6d62198e565475ee65e4831e2561c8e313fa7eb961435", size = 18037 }
wheels = [
    { url = "https://files.pythonhosted.org/packages/b9/f8/feced7779d755758a52d1f6635d990b8d98dc0a29fa568bbe0625f18fdf3/filelock-3.16.1-py3-none-any.whl", hash = "sha256:2082e5703d51fbf98ea75855d9d5527e33d8ff23099bec374a134febee6946b0", size = 16163 },
]

[[package]]
name = "google-analytics-django"
version = "0.1.0"
source = { virtual = "." }
dependencies = [
    { name = "coverage" },
    { name = "django" },
    { name = "djlint" },
    { name = "pre-commit" },
    { name = "ruff" },
    { name = "setuptools" },
]

[package.metadata]
requires-dist = [
    { name = "coverage", specifier = ">=7.6.3" },
    { name = "django", specifier = ">=5.1.2" },
    { name = "djlint", specifier = ">=1.35.2" },
    { name = "pre-commit" },
    { name = "ruff", specifier = ">=0.6.9" },
    { name = "setuptools", specifier = ">=75.2.0" },
]

[[package]]
name = "html-tag-names"
version = "0.1.2"
source = { registry = "https://pypi.org/simple" }
sdist = { url = "https://files.pythonhosted.org/packages/41/7c/8c0dc3c5650036127fb4629d31cadf6cbdd57e21a77f9793fa8b2c8a3241/html-tag-names-0.1.2.tar.gz", hash = "sha256:04924aca48770f36b5a41c27e4d917062507be05118acb0ba869c97389084297", size = 15173 }
wheels = [
    { url = "https://files.pythonhosted.org/packages/9a/e4/242318dcaa06d8525ff72332fc15cea2cffb84c06cfc73c7da6c6b45801a/html_tag_names-0.1.2-py3-none-any.whl", hash = "sha256:eeb69ef21078486b615241f0393a72b41352c5219ee648e7c61f5632d26f0420", size = 15218 },
]

[[package]]
name = "html-void-elements"
version = "0.1.0"
source = { registry = "https://pypi.org/simple" }
sdist = { url = "https://files.pythonhosted.org/packages/80/5c/5f17d77256bf78ca98647517fadee50575e75d812daa01352c31d89d5bf2/html-void-elements-0.1.0.tar.gz", hash = "sha256:931b88f84cd606fee0b582c28fcd00e41d7149421fb673e1e1abd2f0c4f231f0", size = 14766 }
wheels = [
    { url = "https://files.pythonhosted.org/packages/f5/0a/373f28a1cf37f8c9aa23c82cbcac7197ddea95c88b5a3eaa564cdb8de375/html_void_elements-0.1.0-py3-none-any.whl", hash = "sha256:784cf39db03cdeb017320d9301009f8f3480f9d7b254d0974272e80e0cb5e0d2", size = 14889 },
]

[[package]]
name = "identify"
version = "2.6.1"
source = { registry = "https://pypi.org/simple" }
sdist = { url = "https://files.pythonhosted.org/packages/29/bb/25024dbcc93516c492b75919e76f389bac754a3e4248682fba32b250c880/identify-2.6.1.tar.gz", hash = "sha256:91478c5fb7c3aac5ff7bf9b4344f803843dc586832d5f110d672b19aa1984c98", size = 99097 }
wheels = [
    { url = "https://files.pythonhosted.org/packages/7d/0c/4ef72754c050979fdcc06c744715ae70ea37e734816bb6514f79df77a42f/identify-2.6.1-py2.py3-none-any.whl", hash = "sha256:53863bcac7caf8d2ed85bd20312ea5dcfc22226800f6d6881f232d861db5a8f0", size = 98972 },
]

[[package]]
name = "jsbeautifier"
version = "1.15.1"
source = { registry = "https://pypi.org/simple" }
dependencies = [
    { name = "editorconfig" },
    { name = "six" },
]
sdist = { url = "https://files.pythonhosted.org/packages/69/3e/dd37e1a7223247e3ef94714abf572415b89c4e121c4af48e9e4c392e2ca0/jsbeautifier-1.15.1.tar.gz", hash = "sha256:ebd733b560704c602d744eafc839db60a1ee9326e30a2a80c4adb8718adc1b24", size = 75606 }

[[package]]
name = "json5"
version = "0.9.25"
source = { registry = "https://pypi.org/simple" }
sdist = { url = "https://files.pythonhosted.org/packages/91/59/51b032d53212a51f17ebbcc01bd4217faab6d6c09ed0d856a987a5f42bbc/json5-0.9.25.tar.gz", hash = "sha256:548e41b9be043f9426776f05df8635a00fe06104ea51ed24b67f908856e151ae", size = 40332 }
wheels = [
    { url = "https://files.pythonhosted.org/packages/8a/3c/4f8791ee53ab9eeb0b022205aa79387119a74cc9429582ce04098e6fc540/json5-0.9.25-py3-none-any.whl", hash = "sha256:34ed7d834b1341a86987ed52f3f76cd8ee184394906b6e22a1e0deb9ab294e8f", size = 30109 },
]

[[package]]
name = "nodeenv"
version = "1.9.1"
source = { registry = "https://pypi.org/simple" }
sdist = { url = "https://files.pythonhosted.org/packages/43/16/fc88b08840de0e0a72a2f9d8c6bae36be573e475a6326ae854bcc549fc45/nodeenv-1.9.1.tar.gz", hash = "sha256:6ec12890a2dab7946721edbfbcd91f3319c6ccc9aec47be7c7e6b7011ee6645f", size = 47437 }
wheels = [
    { url = "https://files.pythonhosted.org/packages/d2/1d/1b658dbd2b9fa9c4c9f32accbfc0205d532c8c6194dc0f2a4c0428e7128a/nodeenv-1.9.1-py2.py3-none-any.whl", hash = "sha256:ba11c9782d29c27c70ffbdda2d7415098754709be8a7056d79a737cd901155c9", size = 22314 },
]

[[package]]
name = "pathspec"
version = "0.12.1"
source = { registry = "https://pypi.org/simple" }
sdist = { url = "https://files.pythonhosted.org/packages/ca/bc/f35b8446f4531a7cb215605d100cd88b7ac6f44ab3fc94870c120ab3adbf/pathspec-0.12.1.tar.gz", hash = "sha256:a482d51503a1ab33b1c67a6c3813a26953dbdc71c31dacaef9a838c4e29f5712", size = 51043 }
wheels = [
    { url = "https://files.pythonhosted.org/packages/cc/20/ff623b09d963f88bfde16306a54e12ee5ea43e9b597108672ff3a408aad6/pathspec-0.12.1-py3-none-any.whl", hash = "sha256:a0d503e138a4c123b27490a4f7beda6a01c6f288df0e4a8b79c7eb0dc7b4cc08", size = 31191 },
]

[[package]]
name = "platformdirs"
version = "4.3.6"
source = { registry = "https://pypi.org/simple" }
sdist = { url = "https://files.pythonhosted.org/packages/13/fc/128cc9cb8f03208bdbf93d3aa862e16d376844a14f9a0ce5cf4507372de4/platformdirs-4.3.6.tar.gz", hash = "sha256:357fb2acbc885b0419afd3ce3ed34564c13c9b95c89360cd9563f73aa5e2b907", size = 21302 }
wheels = [
    { url = "https://files.pythonhosted.org/packages/3c/a6/bc1012356d8ece4d66dd75c4b9fc6c1f6650ddd5991e421177d9f8f671be/platformdirs-4.3.6-py3-none-any.whl", hash = "sha256:73e575e1408ab8103900836b97580d5307456908a03e92031bab39e4554cc3fb", size = 18439 },
]

[[package]]
name = "pre-commit"
version = "4.0.1"
source = { registry = "https://pypi.org/simple" }
dependencies = [
    { name = "cfgv" },
    { name = "identify" },
    { name = "nodeenv" },
    { name = "pyyaml" },
    { name = "virtualenv" },
]
sdist = { url = "https://files.pythonhosted.org/packages/2e/c8/e22c292035f1bac8b9f5237a2622305bc0304e776080b246f3df57c4ff9f/pre_commit-4.0.1.tar.gz", hash = "sha256:80905ac375958c0444c65e9cebebd948b3cdb518f335a091a670a89d652139d2", size = 191678 }
wheels = [
    { url = "https://files.pythonhosted.org/packages/16/8f/496e10d51edd6671ebe0432e33ff800aa86775d2d147ce7d43389324a525/pre_commit-4.0.1-py2.py3-none-any.whl", hash = "sha256:efde913840816312445dc98787724647c65473daefe420785f885e8ed9a06878", size = 218713 },
]

[[package]]
name = "pyyaml"
version = "6.0.2"
source = { registry = "https://pypi.org/simple" }
sdist = { url = "https://files.pythonhosted.org/packages/54/ed/79a089b6be93607fa5cdaedf301d7dfb23af5f25c398d5ead2525b063e17/pyyaml-6.0.2.tar.gz", hash = "sha256:d584d9ec91ad65861cc08d42e834324ef890a082e591037abe114850ff7bbc3e", size = 130631 }
wheels = [
    { url = "https://files.pythonhosted.org/packages/86/0c/c581167fc46d6d6d7ddcfb8c843a4de25bdd27e4466938109ca68492292c/PyYAML-6.0.2-cp312-cp312-macosx_10_9_x86_64.whl", hash = "sha256:c70c95198c015b85feafc136515252a261a84561b7b1d51e3384e0655ddf25ab", size = 183873 },
    { url = "https://files.pythonhosted.org/packages/a8/0c/38374f5bb272c051e2a69281d71cba6fdb983413e6758b84482905e29a5d/PyYAML-6.0.2-cp312-cp312-macosx_11_0_arm64.whl", hash = "sha256:ce826d6ef20b1bc864f0a68340c8b3287705cae2f8b4b1d932177dcc76721725", size = 173302 },
    { url = "https://files.pythonhosted.org/packages/c3/93/9916574aa8c00aa06bbac729972eb1071d002b8e158bd0e83a3b9a20a1f7/PyYAML-6.0.2-cp312-cp312-manylinux_2_17_aarch64.manylinux2014_aarch64.whl", hash = "sha256:1f71ea527786de97d1a0cc0eacd1defc0985dcf6b3f17bb77dcfc8c34bec4dc5", size = 739154 },
    { url = "https://files.pythonhosted.org/packages/95/0f/b8938f1cbd09739c6da569d172531567dbcc9789e0029aa070856f123984/PyYAML-6.0.2-cp312-cp312-manylinux_2_17_s390x.manylinux2014_s390x.whl", hash = "sha256:9b22676e8097e9e22e36d6b7bda33190d0d400f345f23d4065d48f4ca7ae0425", size = 766223 },
    { url = "https://files.pythonhosted.org/packages/b9/2b/614b4752f2e127db5cc206abc23a8c19678e92b23c3db30fc86ab731d3bd/PyYAML-6.0.2-cp312-cp312-manylinux_2_17_x86_64.manylinux2014_x86_64.whl", hash = "sha256:80bab7bfc629882493af4aa31a4cfa43a4c57c83813253626916b8c7ada83476", size = 767542 },
    { url = "https://files.pythonhosted.org/packages/d4/00/dd137d5bcc7efea1836d6264f049359861cf548469d18da90cd8216cf05f/PyYAML-6.0.2-cp312-cp312-musllinux_1_1_aarch64.whl", hash = "sha256:0833f8694549e586547b576dcfaba4a6b55b9e96098b36cdc7ebefe667dfed48", size = 731164 },
    { url = "https://files.pythonhosted.org/packages/c9/1f/4f998c900485e5c0ef43838363ba4a9723ac0ad73a9dc42068b12aaba4e4/PyYAML-6.0.2-cp312-cp312-musllinux_1_1_x86_64.whl", hash = "sha256:8b9c7197f7cb2738065c481a0461e50ad02f18c78cd75775628afb4d7137fb3b", size = 756611 },
    { url = "https://files.pythonhosted.org/packages/df/d1/f5a275fdb252768b7a11ec63585bc38d0e87c9e05668a139fea92b80634c/PyYAML-6.0.2-cp312-cp312-win32.whl", hash = "sha256:ef6107725bd54b262d6dedcc2af448a266975032bc85ef0172c5f059da6325b4", size = 140591 },
    { url = "https://files.pythonhosted.org/packages/0c/e8/4f648c598b17c3d06e8753d7d13d57542b30d56e6c2dedf9c331ae56312e/PyYAML-6.0.2-cp312-cp312-win_amd64.whl", hash = "sha256:7e7401d0de89a9a855c839bc697c079a4af81cf878373abd7dc625847d25cbd8", size = 156338 },
    { url = "https://files.pythonhosted.org/packages/ef/e3/3af305b830494fa85d95f6d95ef7fa73f2ee1cc8ef5b495c7c3269fb835f/PyYAML-6.0.2-cp313-cp313-macosx_10_13_x86_64.whl", hash = "sha256:efdca5630322a10774e8e98e1af481aad470dd62c3170801852d752aa7a783ba", size = 181309 },
    { url = "https://files.pythonhosted.org/packages/45/9f/3b1c20a0b7a3200524eb0076cc027a970d320bd3a6592873c85c92a08731/PyYAML-6.0.2-cp313-cp313-macosx_11_0_arm64.whl", hash = "sha256:50187695423ffe49e2deacb8cd10510bc361faac997de9efef88badc3bb9e2d1", size = 171679 },
    { url = "https://files.pythonhosted.org/packages/7c/9a/337322f27005c33bcb656c655fa78325b730324c78620e8328ae28b64d0c/PyYAML-6.0.2-cp313-cp313-manylinux_2_17_aarch64.manylinux2014_aarch64.whl", hash = "sha256:0ffe8360bab4910ef1b9e87fb812d8bc0a308b0d0eef8c8f44e0254ab3b07133", size = 733428 },
    { url = "https://files.pythonhosted.org/packages/a3/69/864fbe19e6c18ea3cc196cbe5d392175b4cf3d5d0ac1403ec3f2d237ebb5/PyYAML-6.0.2-cp313-cp313-manylinux_2_17_s390x.manylinux2014_s390x.whl", hash = "sha256:17e311b6c678207928d649faa7cb0d7b4c26a0ba73d41e99c4fff6b6c3276484", size = 763361 },
    { url = "https://files.pythonhosted.org/packages/04/24/b7721e4845c2f162d26f50521b825fb061bc0a5afcf9a386840f23ea19fa/PyYAML-6.0.2-cp313-cp313-manylinux_2_17_x86_64.manylinux2014_x86_64.whl", hash = "sha256:70b189594dbe54f75ab3a1acec5f1e3faa7e8cf2f1e08d9b561cb41b845f69d5", size = 759523 },
    { url = "https://files.pythonhosted.org/packages/2b/b2/e3234f59ba06559c6ff63c4e10baea10e5e7df868092bf9ab40e5b9c56b6/PyYAML-6.0.2-cp313-cp313-musllinux_1_1_aarch64.whl", hash = "sha256:41e4e3953a79407c794916fa277a82531dd93aad34e29c2a514c2c0c5fe971cc", size = 726660 },
    { url = "https://files.pythonhosted.org/packages/fe/0f/25911a9f080464c59fab9027482f822b86bf0608957a5fcc6eaac85aa515/PyYAML-6.0.2-cp313-cp313-musllinux_1_1_x86_64.whl", hash = "sha256:68ccc6023a3400877818152ad9a1033e3db8625d899c72eacb5a668902e4d652", size = 751597 },
    { url = "https://files.pythonhosted.org/packages/14/0d/e2c3b43bbce3cf6bd97c840b46088a3031085179e596d4929729d8d68270/PyYAML-6.0.2-cp313-cp313-win32.whl", hash = "sha256:bc2fa7c6b47d6bc618dd7fb02ef6fdedb1090ec036abab80d4681424b84c1183", size = 140527 },
    { url = "https://files.pythonhosted.org/packages/fa/de/02b54f42487e3d3c6efb3f89428677074ca7bf43aae402517bc7cca949f3/PyYAML-6.0.2-cp313-cp313-win_amd64.whl", hash = "sha256:8388ee1976c416731879ac16da0aff3f63b286ffdd57cdeb95f3f2e085687563", size = 156446 },
]

[[package]]
name = "regex"
version = "2024.9.11"
source = { registry = "https://pypi.org/simple" }
sdist = { url = "https://files.pythonhosted.org/packages/f9/38/148df33b4dbca3bd069b963acab5e0fa1a9dbd6820f8c322d0dd6faeff96/regex-2024.9.11.tar.gz", hash = "sha256:6c188c307e8433bcb63dc1915022deb553b4203a70722fc542c363bf120a01fd", size = 399403 }
wheels = [
    { url = "https://files.pythonhosted.org/packages/6e/92/407531450762bed778eedbde04407f68cbd75d13cee96c6f8d6903d9c6c1/regex-2024.9.11-cp312-cp312-macosx_10_9_universal2.whl", hash = "sha256:b0d0a6c64fcc4ef9c69bd5b3b3626cc3776520a1637d8abaa62b9edc147a58f7", size = 483590 },
    { url = "https://files.pythonhosted.org/packages/8e/a2/048acbc5ae1f615adc6cba36cc45734e679b5f1e4e58c3c77f0ed611d4e2/regex-2024.9.11-cp312-cp312-macosx_10_9_x86_64.whl", hash = "sha256:49b0e06786ea663f933f3710a51e9385ce0cba0ea56b67107fd841a55d56a231", size = 288175 },
    { url = "https://files.pythonhosted.org/packages/8a/ea/909d8620329ab710dfaf7b4adee41242ab7c9b95ea8d838e9bfe76244259/regex-2024.9.11-cp312-cp312-macosx_11_0_arm64.whl", hash = "sha256:5b513b6997a0b2f10e4fd3a1313568e373926e8c252bd76c960f96fd039cd28d", size = 284749 },
    { url = "https://files.pythonhosted.org/packages/ca/fa/521eb683b916389b4975337873e66954e0f6d8f91bd5774164a57b503185/regex-2024.9.11-cp312-cp312-manylinux_2_17_aarch64.manylinux2014_aarch64.whl", hash = "sha256:ee439691d8c23e76f9802c42a95cfeebf9d47cf4ffd06f18489122dbb0a7ad64", size = 795181 },
    { url = "https://files.pythonhosted.org/packages/28/db/63047feddc3280cc242f9c74f7aeddc6ee662b1835f00046f57d5630c827/regex-2024.9.11-cp312-cp312-manylinux_2_17_ppc64le.manylinux2014_ppc64le.whl", hash = "sha256:a8f877c89719d759e52783f7fe6e1c67121076b87b40542966c02de5503ace42", size = 835842 },
    { url = "https://files.pythonhosted.org/packages/e3/94/86adc259ff8ec26edf35fcca7e334566c1805c7493b192cb09679f9c3dee/regex-2024.9.11-cp312-cp312-manylinux_2_17_s390x.manylinux2014_s390x.whl", hash = "sha256:23b30c62d0f16827f2ae9f2bb87619bc4fba2044911e2e6c2eb1af0161cdb766", size = 823533 },
    { url = "https://files.pythonhosted.org/packages/29/52/84662b6636061277cb857f658518aa7db6672bc6d1a3f503ccd5aefc581e/regex-2024.9.11-cp312-cp312-manylinux_2_17_x86_64.manylinux2014_x86_64.whl", hash = "sha256:85ab7824093d8f10d44330fe1e6493f756f252d145323dd17ab6b48733ff6c0a", size = 797037 },
    { url = "https://files.pythonhosted.org/packages/c3/2a/cd4675dd987e4a7505f0364a958bc41f3b84942de9efaad0ef9a2646681c/regex-2024.9.11-cp312-cp312-manylinux_2_5_i686.manylinux1_i686.manylinux_2_17_i686.manylinux2014_i686.whl", hash = "sha256:8dee5b4810a89447151999428fe096977346cf2f29f4d5e29609d2e19e0199c9", size = 784106 },
    { url = "https://files.pythonhosted.org/packages/6f/75/3ea7ec29de0bbf42f21f812f48781d41e627d57a634f3f23947c9a46e303/regex-2024.9.11-cp312-cp312-musllinux_1_2_aarch64.whl", hash = "sha256:98eeee2f2e63edae2181c886d7911ce502e1292794f4c5ee71e60e23e8d26b5d", size = 782468 },
    { url = "https://files.pythonhosted.org/packages/d3/67/15519d69b52c252b270e679cb578e22e0c02b8dd4e361f2b04efcc7f2335/regex-2024.9.11-cp312-cp312-musllinux_1_2_i686.whl", hash = "sha256:57fdd2e0b2694ce6fc2e5ccf189789c3e2962916fb38779d3e3521ff8fe7a822", size = 790324 },
    { url = "https://files.pythonhosted.org/packages/9c/71/eff77d3fe7ba08ab0672920059ec30d63fa7e41aa0fb61c562726e9bd721/regex-2024.9.11-cp312-cp312-musllinux_1_2_ppc64le.whl", hash = "sha256:d552c78411f60b1fdaafd117a1fca2f02e562e309223b9d44b7de8be451ec5e0", size = 860214 },
    { url = "https://files.pythonhosted.org/packages/81/11/e1bdf84a72372e56f1ea4b833dd583b822a23138a616ace7ab57a0e11556/regex-2024.9.11-cp312-cp312-musllinux_1_2_s390x.whl", hash = "sha256:a0b2b80321c2ed3fcf0385ec9e51a12253c50f146fddb2abbb10f033fe3d049a", size = 859420 },
    { url = "https://files.pythonhosted.org/packages/ea/75/9753e9dcebfa7c3645563ef5c8a58f3a47e799c872165f37c55737dadd3e/regex-2024.9.11-cp312-cp312-musllinux_1_2_x86_64.whl", hash = "sha256:18406efb2f5a0e57e3a5881cd9354c1512d3bb4f5c45d96d110a66114d84d23a", size = 787333 },
    { url = "https://files.pythonhosted.org/packages/bc/4e/ba1cbca93141f7416624b3ae63573e785d4bc1834c8be44a8f0747919eca/regex-2024.9.11-cp312-cp312-win32.whl", hash = "sha256:e464b467f1588e2c42d26814231edecbcfe77f5ac414d92cbf4e7b55b2c2a776", size = 262058 },
    { url = "https://files.pythonhosted.org/packages/6e/16/efc5f194778bf43e5888209e5cec4b258005d37c613b67ae137df3b89c53/regex-2024.9.11-cp312-cp312-win_amd64.whl", hash = "sha256:9e8719792ca63c6b8340380352c24dcb8cd7ec49dae36e963742a275dfae6009", size = 273526 },
    { url = "https://files.pythonhosted.org/packages/93/0a/d1c6b9af1ff1e36832fe38d74d5c5bab913f2bdcbbd6bc0e7f3ce8b2f577/regex-2024.9.11-cp313-cp313-macosx_10_13_universal2.whl", hash = "sha256:c157bb447303070f256e084668b702073db99bbb61d44f85d811025fcf38f784", size = 483376 },
    { url = "https://files.pythonhosted.org/packages/a4/42/5910a050c105d7f750a72dcb49c30220c3ae4e2654e54aaaa0e9bc0584cb/regex-2024.9.11-cp313-cp313-macosx_10_13_x86_64.whl", hash = "sha256:4db21ece84dfeefc5d8a3863f101995de646c6cb0536952c321a2650aa202c36", size = 288112 },
    { url = "https://files.pythonhosted.org/packages/8d/56/0c262aff0e9224fa7ffce47b5458d373f4d3e3ff84e99b5ff0cb15e0b5b2/regex-2024.9.11-cp313-cp313-macosx_11_0_arm64.whl", hash = "sha256:220e92a30b426daf23bb67a7962900ed4613589bab80382be09b48896d211e92", size = 284608 },
    { url = "https://files.pythonhosted.org/packages/b9/54/9fe8f9aec5007bbbbce28ba3d2e3eaca425f95387b7d1e84f0d137d25237/regex-2024.9.11-cp313-cp313-manylinux_2_17_aarch64.manylinux2014_aarch64.whl", hash = "sha256:eb1ae19e64c14c7ec1995f40bd932448713d3c73509e82d8cd7744dc00e29e86", size = 795337 },
    { url = "https://files.pythonhosted.org/packages/b2/e7/6b2f642c3cded271c4f16cc4daa7231be544d30fe2b168e0223724b49a61/regex-2024.9.11-cp313-cp313-manylinux_2_17_ppc64le.manylinux2014_ppc64le.whl", hash = "sha256:f47cd43a5bfa48f86925fe26fbdd0a488ff15b62468abb5d2a1e092a4fb10e85", size = 835848 },
    { url = "https://files.pythonhosted.org/packages/cd/9e/187363bdf5d8c0e4662117b92aa32bf52f8f09620ae93abc7537d96d3311/regex-2024.9.11-cp313-cp313-manylinux_2_17_s390x.manylinux2014_s390x.whl", hash = "sha256:9d4a76b96f398697fe01117093613166e6aa8195d63f1b4ec3f21ab637632963", size = 823503 },
    { url = "https://files.pythonhosted.org/packages/f8/10/601303b8ee93589f879664b0cfd3127949ff32b17f9b6c490fb201106c4d/regex-2024.9.11-cp313-cp313-manylinux_2_17_x86_64.manylinux2014_x86_64.whl", hash = "sha256:0ea51dcc0835eea2ea31d66456210a4e01a076d820e9039b04ae8d17ac11dee6", size = 797049 },
    { url = "https://files.pythonhosted.org/packages/ef/1c/ea200f61ce9f341763f2717ab4daebe4422d83e9fd4ac5e33435fd3a148d/regex-2024.9.11-cp313-cp313-manylinux_2_5_i686.manylinux1_i686.manylinux_2_17_i686.manylinux2014_i686.whl", hash = "sha256:b7aaa315101c6567a9a45d2839322c51c8d6e81f67683d529512f5bcfb99c802", size = 784144 },
    { url = "https://files.pythonhosted.org/packages/d8/5c/d2429be49ef3292def7688401d3deb11702c13dcaecdc71d2b407421275b/regex-2024.9.11-cp313-cp313-musllinux_1_2_aarch64.whl", hash = "sha256:c57d08ad67aba97af57a7263c2d9006d5c404d721c5f7542f077f109ec2a4a29", size = 782483 },
    { url = "https://files.pythonhosted.org/packages/12/d9/cbc30f2ff7164f3b26a7760f87c54bf8b2faed286f60efd80350a51c5b99/regex-2024.9.11-cp313-cp313-musllinux_1_2_i686.whl", hash = "sha256:f8404bf61298bb6f8224bb9176c1424548ee1181130818fcd2cbffddc768bed8", size = 790320 },
    { url = "https://files.pythonhosted.org/packages/19/1d/43ed03a236313639da5a45e61bc553c8d41e925bcf29b0f8ecff0c2c3f25/regex-2024.9.11-cp313-cp313-musllinux_1_2_ppc64le.whl", hash = "sha256:dd4490a33eb909ef5078ab20f5f000087afa2a4daa27b4c072ccb3cb3050ad84", size = 860435 },
    { url = "https://files.pythonhosted.org/packages/34/4f/5d04da61c7c56e785058a46349f7285ae3ebc0726c6ea7c5c70600a52233/regex-2024.9.11-cp313-cp313-musllinux_1_2_s390x.whl", hash = "sha256:eee9130eaad130649fd73e5cd92f60e55708952260ede70da64de420cdcad554", size = 859571 },
    { url = "https://files.pythonhosted.org/packages/12/7f/8398c8155a3c70703a8e91c29532558186558e1aea44144b382faa2a6f7a/regex-2024.9.11-cp313-cp313-musllinux_1_2_x86_64.whl", hash = "sha256:6a2644a93da36c784e546de579ec1806bfd2763ef47babc1b03d765fe560c9f8", size = 787398 },
    { url = "https://files.pythonhosted.org/packages/58/3a/f5903977647a9a7e46d5535e9e96c194304aeeca7501240509bde2f9e17f/regex-2024.9.11-cp313-cp313-win32.whl", hash = "sha256:e997fd30430c57138adc06bba4c7c2968fb13d101e57dd5bb9355bf8ce3fa7e8", size = 262035 },
    { url = "https://files.pythonhosted.org/packages/ff/80/51ba3a4b7482f6011095b3a036e07374f64de180b7d870b704ed22509002/regex-2024.9.11-cp313-cp313-win_amd64.whl", hash = "sha256:042c55879cfeb21a8adacc84ea347721d3d83a159da6acdf1116859e2427c43f", size = 273510 },
]

[[package]]
name = "ruff"
version = "0.6.9"
source = { registry = "https://pypi.org/simple" }
sdist = { url = "https://files.pythonhosted.org/packages/26/0d/6148a48dab5662ca1d5a93b7c0d13c03abd3cc7e2f35db08410e47cef15d/ruff-0.6.9.tar.gz", hash = "sha256:b076ef717a8e5bc819514ee1d602bbdca5b4420ae13a9cf61a0c0a4f53a2baa2", size = 3095355 }
wheels = [
    { url = "https://files.pythonhosted.org/packages/6e/8f/f7a0a0ef1818662efb32ed6df16078c95da7a0a3248d64c2410c1e27799f/ruff-0.6.9-py3-none-linux_armv6l.whl", hash = "sha256:064df58d84ccc0ac0fcd63bc3090b251d90e2a372558c0f057c3f75ed73e1ccd", size = 10440526 },
    { url = "https://files.pythonhosted.org/packages/8b/69/b179a5faf936a9e2ab45bb412a668e4661eded964ccfa19d533f29463ef6/ruff-0.6.9-py3-none-macosx_10_12_x86_64.whl", hash = "sha256:140d4b5c9f5fc7a7b074908a78ab8d384dd7f6510402267bc76c37195c02a7ec", size = 10034612 },
    { url = "https://files.pythonhosted.org/packages/c7/ef/fd1b4be979c579d191eeac37b5cfc0ec906de72c8bcd8595e2c81bb700c1/ruff-0.6.9-py3-none-macosx_11_0_arm64.whl", hash = "sha256:53fd8ca5e82bdee8da7f506d7b03a261f24cd43d090ea9db9a1dc59d9313914c", size = 9706197 },
    { url = "https://files.pythonhosted.org/packages/29/61/b376d775deb5851cb48d893c568b511a6d3625ef2c129ad5698b64fb523c/ruff-0.6.9-py3-none-manylinux_2_17_aarch64.manylinux2014_aarch64.whl", hash = "sha256:645d7d8761f915e48a00d4ecc3686969761df69fb561dd914a773c1a8266e14e", size = 10751855 },
    { url = "https://files.pythonhosted.org/packages/13/d7/def9e5f446d75b9a9c19b24231a3a658c075d79163b08582e56fa5dcfa38/ruff-0.6.9-py3-none-manylinux_2_17_armv7l.manylinux2014_armv7l.whl", hash = "sha256:eae02b700763e3847595b9d2891488989cac00214da7f845f4bcf2989007d577", size = 10200889 },
    { url = "https://files.pythonhosted.org/packages/6c/d6/7f34160818bcb6e84ce293a5966cba368d9112ff0289b273fbb689046047/ruff-0.6.9-py3-none-manylinux_2_17_i686.manylinux2014_i686.whl", hash = "sha256:7d5ccc9e58112441de8ad4b29dcb7a86dc25c5f770e3c06a9d57e0e5eba48829", size = 11038678 },
    { url = "https://files.pythonhosted.org/packages/13/34/a40ff8ae62fb1b26fb8e6fa7e64bc0e0a834b47317880de22edd6bfb54fb/ruff-0.6.9-py3-none-manylinux_2_17_ppc64.manylinux2014_ppc64.whl", hash = "sha256:417b81aa1c9b60b2f8edc463c58363075412866ae4e2b9ab0f690dc1e87ac1b5", size = 11808682 },
    { url = "https://files.pythonhosted.org/packages/2e/6d/25a4386ae4009fc798bd10ba48c942d1b0b3e459b5403028f1214b6dd161/ruff-0.6.9-py3-none-manylinux_2_17_ppc64le.manylinux2014_ppc64le.whl", hash = "sha256:3c866b631f5fbce896a74a6e4383407ba7507b815ccc52bcedabb6810fdb3ef7", size = 11330446 },
    { url = "https://files.pythonhosted.org/packages/f7/f6/bdf891a9200d692c94ebcd06ae5a2fa5894e522f2c66c2a12dd5d8cb2654/ruff-0.6.9-py3-none-manylinux_2_17_s390x.manylinux2014_s390x.whl", hash = "sha256:7b118afbb3202f5911486ad52da86d1d52305b59e7ef2031cea3425142b97d6f", size = 12483048 },
    { url = "https://files.pythonhosted.org/packages/a7/86/96f4252f41840e325b3fa6c48297e661abb9f564bd7dcc0572398c8daa42/ruff-0.6.9-py3-none-manylinux_2_17_x86_64.manylinux2014_x86_64.whl", hash = "sha256:a67267654edc23c97335586774790cde402fb6bbdb3c2314f1fc087dee320bfa", size = 10936855 },
    { url = "https://files.pythonhosted.org/packages/45/87/801a52d26c8dbf73424238e9908b9ceac430d903c8ef35eab1b44fcfa2bd/ruff-0.6.9-py3-none-musllinux_1_2_aarch64.whl", hash = "sha256:3ef0cc774b00fec123f635ce5c547dac263f6ee9fb9cc83437c5904183b55ceb", size = 10713007 },
    { url = "https://files.pythonhosted.org/packages/be/27/6f7161d90320a389695e32b6ebdbfbedde28ccbf52451e4b723d7ce744ad/ruff-0.6.9-py3-none-musllinux_1_2_armv7l.whl", hash = "sha256:12edd2af0c60fa61ff31cefb90aef4288ac4d372b4962c2864aeea3a1a2460c0", size = 10274594 },
    { url = "https://files.pythonhosted.org/packages/00/52/dc311775e7b5f5b19831563cb1572ecce63e62681bccc609867711fae317/ruff-0.6.9-py3-none-musllinux_1_2_i686.whl", hash = "sha256:55bb01caeaf3a60b2b2bba07308a02fca6ab56233302406ed5245180a05c5625", size = 10608024 },
    { url = "https://files.pythonhosted.org/packages/98/b6/be0a1ddcbac65a30c985cf7224c4fce786ba2c51e7efeb5178fe410ed3cf/ruff-0.6.9-py3-none-musllinux_1_2_x86_64.whl", hash = "sha256:925d26471fa24b0ce5a6cdfab1bb526fb4159952385f386bdcc643813d472039", size = 10982085 },
    { url = "https://files.pythonhosted.org/packages/bb/a4/c84bc13d0b573cf7bb7d17b16d6d29f84267c92d79b2f478d4ce322e8e72/ruff-0.6.9-py3-none-win32.whl", hash = "sha256:eb61ec9bdb2506cffd492e05ac40e5bc6284873aceb605503d8494180d6fc84d", size = 8522088 },
    { url = "https://files.pythonhosted.org/packages/74/be/fc352bd8ca40daae8740b54c1c3e905a7efe470d420a268cd62150248c91/ruff-0.6.9-py3-none-win_amd64.whl", hash = "sha256:785d31851c1ae91f45b3d8fe23b8ae4b5170089021fbb42402d811135f0b7117", size = 9359275 },
    { url = "https://files.pythonhosted.org/packages/3e/14/fd026bc74ded05e2351681545a5f626e78ef831f8edce064d61acd2e6ec7/ruff-0.6.9-py3-none-win_arm64.whl", hash = "sha256:a9641e31476d601f83cd602608739a0840e348bda93fec9f1ee816f8b6798b93", size = 8679879 },
]

[[package]]
name = "setuptools"
version = "75.2.0"
source = { registry = "https://pypi.org/simple" }
sdist = { url = "https://files.pythonhosted.org/packages/07/37/b31be7e4b9f13b59cde9dcaeff112d401d49e0dc5b37ed4a9fc8fb12f409/setuptools-75.2.0.tar.gz", hash = "sha256:753bb6ebf1f465a1912e19ed1d41f403a79173a9acf66a42e7e6aec45c3c16ec", size = 1350308 }
wheels = [
    { url = "https://files.pythonhosted.org/packages/31/2d/90165d51ecd38f9a02c6832198c13a4e48652485e2ccf863ebb942c531b6/setuptools-75.2.0-py3-none-any.whl", hash = "sha256:a7fcb66f68b4d9e8e66b42f9876150a3371558f98fa32222ffaa5bced76406f8", size = 1249825 },
]

[[package]]
name = "six"
version = "1.16.0"
source = { registry = "https://pypi.org/simple" }
sdist = { url = "https://files.pythonhosted.org/packages/71/39/171f1c67cd00715f190ba0b100d606d440a28c93c7714febeca8b79af85e/six-1.16.0.tar.gz", hash = "sha256:1e61c37477a1626458e36f7b1d82aa5c9b094fa4802892072e49de9c60c4c926", size = 34041 }
wheels = [
    { url = "https://files.pythonhosted.org/packages/d9/5a/e7c31adbe875f2abbb91bd84cf2dc52d792b5a01506781dbcf25c91daf11/six-1.16.0-py2.py3-none-any.whl", hash = "sha256:8abb2f1d86890a2dfb989f9a77cfcfd3e47c2a354b01111771326f8aa26e0254", size = 11053 },
]

[[package]]
name = "sqlparse"
version = "0.5.1"
source = { registry = "https://pypi.org/simple" }
sdist = { url = "https://files.pythonhosted.org/packages/73/82/dfa23ec2cbed08a801deab02fe7c904bfb00765256b155941d789a338c68/sqlparse-0.5.1.tar.gz", hash = "sha256:bb6b4df465655ef332548e24f08e205afc81b9ab86cb1c45657a7ff173a3a00e", size = 84502 }
wheels = [
    { url = "https://files.pythonhosted.org/packages/5d/a5/b2860373aa8de1e626b2bdfdd6df4355f0565b47e51f7d0c54fe70faf8fe/sqlparse-0.5.1-py3-none-any.whl", hash = "sha256:773dcbf9a5ab44a090f3441e2180efe2560220203dc2f8c0b0fa141e18b505e4", size = 44156 },
]

[[package]]
name = "tqdm"
version = "4.66.5"
source = { registry = "https://pypi.org/simple" }
dependencies = [
    { name = "colorama", marker = "platform_system == 'Windows'" },
]
sdist = { url = "https://files.pythonhosted.org/packages/58/83/6ba9844a41128c62e810fddddd72473201f3eacde02046066142a2d96cc5/tqdm-4.66.5.tar.gz", hash = "sha256:e1020aef2e5096702d8a025ac7d16b1577279c9d63f8375b63083e9a5f0fcbad", size = 169504 }
wheels = [
    { url = "https://files.pythonhosted.org/packages/48/5d/acf5905c36149bbaec41ccf7f2b68814647347b72075ac0b1fe3022fdc73/tqdm-4.66.5-py3-none-any.whl", hash = "sha256:90279a3770753eafc9194a0364852159802111925aa30eb3f9d85b0e805ac7cd", size = 78351 },
]

[[package]]
name = "tzdata"
version = "2024.2"
source = { registry = "https://pypi.org/simple" }
sdist = { url = "https://files.pythonhosted.org/packages/e1/34/943888654477a574a86a98e9896bae89c7aa15078ec29f490fef2f1e5384/tzdata-2024.2.tar.gz", hash = "sha256:7d85cc416e9382e69095b7bdf4afd9e3880418a2413feec7069d533d6b4e31cc", size = 193282 }
wheels = [
    { url = "https://files.pythonhosted.org/packages/a6/ab/7e5f53c3b9d14972843a647d8d7a853969a58aecc7559cb3267302c94774/tzdata-2024.2-py2.py3-none-any.whl", hash = "sha256:a48093786cdcde33cad18c2555e8532f34422074448fbc874186f0abd79565cd", size = 346586 },
]

[[package]]
name = "virtualenv"
version = "20.26.6"
source = { registry = "https://pypi.org/simple" }
dependencies = [
    { name = "distlib" },
    { name = "filelock" },
    { name = "platformdirs" },
]
sdist = { url = "https://files.pythonhosted.org/packages/3f/40/abc5a766da6b0b2457f819feab8e9203cbeae29327bd241359f866a3da9d/virtualenv-20.26.6.tar.gz", hash = "sha256:280aede09a2a5c317e409a00102e7077c6432c5a38f0ef938e643805a7ad2c48", size = 9372482 }
wheels = [
    { url = "https://files.pythonhosted.org/packages/59/90/57b8ac0c8a231545adc7698c64c5a36fa7cd8e376c691b9bde877269f2eb/virtualenv-20.26.6-py3-none-any.whl", hash = "sha256:7345cc5b25405607a624d8418154577459c3e0277f5466dd79c49d5e492995f2", size = 5999862 },
]
